
Microsoft Visual Studio Solution File, Format Version 12.00
# Visual Studio Version 17
VisualStudioVersion = 17.3.32929.385
MinimumVisualStudioVersion = 10.0.40219.1
Project("{FAE04EC0-301F-11D3-BF4B-00C04F79EFBC}") = "IVANKOLARIK_WindowsFinal", "PracticaFinal\IVANKOLARIK_WindowsFinal.csproj", "{8CE3D55E-1739-4100-B1DB-55CB65625695}"
EndProject
Global
	GlobalSection(SolutionConfigurationPlatforms) = preSolution
		Debug|Any CPU = Debug|Any CPU
		Release|Any CPU = Release|Any CPU
	EndGlobalSection
	GlobalSection(ProjectConfigurationPlatforms) = postSolution
		{8CE3D55E-1739-4100-B1DB-55CB65625695}.Debug|Any CPU.ActiveCfg = Debug|Any CPU
		{8CE3D55E-1739-4100-B1DB-55CB65625695}.Debug|Any CPU.Build.0 = Debug|Any CPU
		{8CE3D55E-1739-4100-B1DB-55CB65625695}.Release|Any CPU.ActiveCfg = Release|Any CPU
		{8CE3D55E-1739-4100-B1DB-55CB65625695}.Release|Any CPU.Build.0 = Release|Any CPU
	EndGlobalSection
	GlobalSection(SolutionProperties) = preSolution
		HideSolutionNode = FALSE
	EndGlobalSection
	GlobalSection(ExtensibilityGlobals) = postSolution
		SolutionGuid = {740A4CEC-040A-4E5A-B532-25D3303A4175}
	EndGlobalSection
EndGlobal
